
Microsoft Visual Studio Solution File, Format Version 12.00
# Visual Studio Version 16
VisualStudioVersion = 16.0.34301.259
MinimumVisualStudioVersion = 10.0.40219.1
Project("{FAE04EC0-301F-11D3-BF4B-00C04F79EFBC}") = "Sprint53_G4", "Sprint53_G4.csproj", "{6B666B1C-7BD0-4E76-AB39-95AD671EB46B}"
EndProject
Project("{FAE04EC0-301F-11D3-BF4B-00C04F79EFBC}") = "FormHeretar", "FormHeretar\FormHeretar.csproj", "{B3712875-7D80-4C05-A1C0-FE119DFE245F}"
EndProject
Project("{FAE04EC0-301F-11D3-BF4B-00C04F79EFBC}") = "FormProva", "FormProva\FormProva.csproj", "{A2B2B8FF-2505-42EB-B2E4-1E808967E17D}"
EndProject
Global
	GlobalSection(SolutionConfigurationPlatforms) = preSolution
		Debug|Any CPU = Debug|Any CPU
		Release|Any CPU = Release|Any CPU
	EndGlobalSection
	GlobalSection(ProjectConfigurationPlatforms) = postSolution
		{6B666B1C-7BD0-4E76-AB39-95AD671EB46B}.Debug|Any CPU.ActiveCfg = Debug|Any CPU
		{6B666B1C-7BD0-4E76-AB39-95AD671EB46B}.Debug|Any CPU.Build.0 = Debug|Any CPU
		{6B666B1C-7BD0-4E76-AB39-95AD671EB46B}.Release|Any CPU.ActiveCfg = Release|Any CPU
		{6B666B1C-7BD0-4E76-AB39-95AD671EB46B}.Release|Any CPU.Build.0 = Release|Any CPU
		{B3712875-7D80-4C05-A1C0-FE119DFE245F}.Debug|Any CPU.ActiveCfg = Debug|Any CPU
		{B3712875-7D80-4C05-A1C0-FE119DFE245F}.Debug|Any CPU.Build.0 = Debug|Any CPU
		{B3712875-7D80-4C05-A1C0-FE119DFE245F}.Release|Any CPU.ActiveCfg = Release|Any CPU
		{B3712875-7D80-4C05-A1C0-FE119DFE245F}.Release|Any CPU.Build.0 = Release|Any CPU
		{A2B2B8FF-2505-42EB-B2E4-1E808967E17D}.Debug|Any CPU.ActiveCfg = Debug|Any CPU
		{A2B2B8FF-2505-42EB-B2E4-1E808967E17D}.Debug|Any CPU.Build.0 = Debug|Any CPU
		{A2B2B8FF-2505-42EB-B2E4-1E808967E17D}.Release|Any CPU.ActiveCfg = Release|Any CPU
		{A2B2B8FF-2505-42EB-B2E4-1E808967E17D}.Release|Any CPU.Build.0 = Release|Any CPU
	EndGlobalSection
	GlobalSection(SolutionProperties) = preSolution
		HideSolutionNode = FALSE
	EndGlobalSection
	GlobalSection(ExtensibilityGlobals) = postSolution
		SolutionGuid = {253E4ED9-8CB6-4FCC-B09A-D3F74C25B72F}
	EndGlobalSection
EndGlobal
