
Microsoft Visual Studio Solution File, Format Version 12.00
# Visual Studio Version 16
VisualStudioVersion = 16.0.34114.132
MinimumVisualStudioVersion = 10.0.40219.1
Project("{FAE04EC0-301F-11D3-BF4B-00C04F79EFBC}") = "prueba_txtBox", "prueba_txtBox.csproj", "{B033CEB6-8BDB-443F-9F37-6D6EBF422544}"
EndProject
Project("{FAE04EC0-301F-11D3-BF4B-00C04F79EFBC}") = "DataBindingLibrary", "..\..\S2AM\ABP\DataBindingLibrary\DataBindingLibrary.csproj", "{153173B0-0949-492B-BB04-736EFA2768F1}"
EndProject
Project("{FAE04EC0-301F-11D3-BF4B-00C04F79EFBC}") = "DataSetLibrary", "..\..\S2AM\ABP\DataSetLibrary\DataSetLibrary.csproj", "{FA99A618-323F-4BEB-B67B-29C10D9F52BF}"
EndProject
Project("{FAE04EC0-301F-11D3-BF4B-00C04F79EFBC}") = "Species", "..\..\S2AM\ABP\Species\Species.csproj", "{C4EBC506-EEE3-4DCD-AF8D-67D47659D7DC}"
EndProject
Project("{FAE04EC0-301F-11D3-BF4B-00C04F79EFBC}") = "Regions", "..\..\S2AM\ABP\Regions\Regions.csproj", "{489056E7-49CA-45D3-BF04-633EDC5111EA}"
EndProject
Global
	GlobalSection(SolutionConfigurationPlatforms) = preSolution
		Debug|Any CPU = Debug|Any CPU
		Release|Any CPU = Release|Any CPU
	EndGlobalSection
	GlobalSection(ProjectConfigurationPlatforms) = postSolution
		{B033CEB6-8BDB-443F-9F37-6D6EBF422544}.Debug|Any CPU.ActiveCfg = Debug|Any CPU
		{B033CEB6-8BDB-443F-9F37-6D6EBF422544}.Debug|Any CPU.Build.0 = Debug|Any CPU
		{B033CEB6-8BDB-443F-9F37-6D6EBF422544}.Release|Any CPU.ActiveCfg = Release|Any CPU
		{B033CEB6-8BDB-443F-9F37-6D6EBF422544}.Release|Any CPU.Build.0 = Release|Any CPU
		{153173B0-0949-492B-BB04-736EFA2768F1}.Debug|Any CPU.ActiveCfg = Debug|Any CPU
		{153173B0-0949-492B-BB04-736EFA2768F1}.Debug|Any CPU.Build.0 = Debug|Any CPU
		{153173B0-0949-492B-BB04-736EFA2768F1}.Release|Any CPU.ActiveCfg = Release|Any CPU
		{153173B0-0949-492B-BB04-736EFA2768F1}.Release|Any CPU.Build.0 = Release|Any CPU
		{FA99A618-323F-4BEB-B67B-29C10D9F52BF}.Debug|Any CPU.ActiveCfg = Debug|Any CPU
		{FA99A618-323F-4BEB-B67B-29C10D9F52BF}.Debug|Any CPU.Build.0 = Debug|Any CPU
		{FA99A618-323F-4BEB-B67B-29C10D9F52BF}.Release|Any CPU.ActiveCfg = Release|Any CPU
		{FA99A618-323F-4BEB-B67B-29C10D9F52BF}.Release|Any CPU.Build.0 = Release|Any CPU
		{C4EBC506-EEE3-4DCD-AF8D-67D47659D7DC}.Debug|Any CPU.ActiveCfg = Debug|Any CPU
		{C4EBC506-EEE3-4DCD-AF8D-67D47659D7DC}.Debug|Any CPU.Build.0 = Debug|Any CPU
		{C4EBC506-EEE3-4DCD-AF8D-67D47659D7DC}.Release|Any CPU.ActiveCfg = Release|Any CPU
		{C4EBC506-EEE3-4DCD-AF8D-67D47659D7DC}.Release|Any CPU.Build.0 = Release|Any CPU
		{489056E7-49CA-45D3-BF04-633EDC5111EA}.Debug|Any CPU.ActiveCfg = Debug|Any CPU
		{489056E7-49CA-45D3-BF04-633EDC5111EA}.Debug|Any CPU.Build.0 = Debug|Any CPU
		{489056E7-49CA-45D3-BF04-633EDC5111EA}.Release|Any CPU.ActiveCfg = Release|Any CPU
		{489056E7-49CA-45D3-BF04-633EDC5111EA}.Release|Any CPU.Build.0 = Release|Any CPU
	EndGlobalSection
	GlobalSection(SolutionProperties) = preSolution
		HideSolutionNode = FALSE
	EndGlobalSection
	GlobalSection(ExtensibilityGlobals) = postSolution
		SolutionGuid = {7C2AE6FA-4C9D-40DF-8ADD-61CC3B949FD5}
	EndGlobalSection
EndGlobal
